// !$*UTF8*$!
{
	archiveVersion = 1;
	classes = {
	};
	objectVersion = 50;
	objects = {

/* Begin PBXBuildFile section */
		07740741BBD206344DECFB3A /* Pods_TesteFastlaneJenkins.framework in Frameworks */ = {isa = PBXBuildFile; fileRef = AF39C6CB21FF8703007AD58F /* Pods_TesteFastlaneJenkins.framework */; settings = {ATTRIBUTES = (Weak, ); }; };
		10F0FC2FA4E0266D587255BE /* Pods_TesteFastlaneJenkinsTests.framework in Frameworks */ = {isa = PBXBuildFile; fileRef = AF39C6CF21FF8749007AD58F /* Pods_TesteFastlaneJenkinsTests.framework */; };
		40B38632244A276A5792111F /* Pods_TesteFastlaneJenkinsTests.framework in Frameworks */ = {isa = PBXBuildFile; fileRef = B85772F26CEF0BC650FF2EB0 /* Pods_TesteFastlaneJenkinsTests.framework */; };
		4BACAD5599ADFF1655679F3A /* Pods_TesteFastlaneJenkinsTests.framework in Frameworks */ = {isa = PBXBuildFile; fileRef = AF39C6C921FF86EB007AD58F /* Pods_TesteFastlaneJenkinsTests.framework */; };
		5B5CA0C147607DFC59E63F0D /* Pods_TesteFastlaneJenkinsUITests.framework in Frameworks */ = {isa = PBXBuildFile; fileRef = AF39C6CD21FF8703007AD58F /* Pods_TesteFastlaneJenkinsUITests.framework */; };
		83FF461FB77A762E02C73C45 /* Pods_TesteFastlaneJenkinsUITests.framework in Frameworks */ = {isa = PBXBuildFile; fileRef = E34A2EBC0C356DE3FD7627EB /* Pods_TesteFastlaneJenkinsUITests.framework */; };
		AFEA833821F7861E00444C06 /* AppDelegate.swift in Sources */ = {isa = PBXBuildFile; fileRef = AFEA833721F7861E00444C06 /* AppDelegate.swift */; };
		AFEA833A21F7861E00444C06 /* MoviesTableViewController.swift in Sources */ = {isa = PBXBuildFile; fileRef = AFEA833921F7861E00444C06 /* MoviesTableViewController.swift */; };
		AFEA833D21F7861E00444C06 /* Main.storyboard in Resources */ = {isa = PBXBuildFile; fileRef = AFEA833B21F7861E00444C06 /* Main.storyboard */; };
		AFEA833F21F7862200444C06 /* Assets.xcassets in Resources */ = {isa = PBXBuildFile; fileRef = AFEA833E21F7862200444C06 /* Assets.xcassets */; };
		AFEA834221F7862200444C06 /* LaunchScreen.storyboard in Resources */ = {isa = PBXBuildFile; fileRef = AFEA834021F7862200444C06 /* LaunchScreen.storyboard */; };
		AFEA834D21F7862200444C06 /* TesteFastlaneJenkinsTests.swift in Sources */ = {isa = PBXBuildFile; fileRef = AFEA834C21F7862200444C06 /* TesteFastlaneJenkinsTests.swift */; };
		AFEA835821F7862200444C06 /* TesteFastlaneJenkinsUITests.swift in Sources */ = {isa = PBXBuildFile; fileRef = AFEA835721F7862200444C06 /* TesteFastlaneJenkinsUITests.swift */; };
		F585168286722D981EE00C50 /* Pods_TesteFastlaneJenkinsUITests.framework in Frameworks */ = {isa = PBXBuildFile; fileRef = AF39C6D121FF8749007AD58F /* Pods_TesteFastlaneJenkinsUITests.framework */; };
/* End PBXBuildFile section */

/* Begin PBXContainerItemProxy section */
		AFEA834921F7862200444C06 /* PBXContainerItemProxy */ = {
			isa = PBXContainerItemProxy;
			containerPortal = AFEA832C21F7861D00444C06 /* Project object */;
			proxyType = 1;
			remoteGlobalIDString = AFEA833321F7861E00444C06;
			remoteInfo = TesteFastlaneJenkins;
		};
		AFEA835421F7862200444C06 /* PBXContainerItemProxy */ = {
			isa = PBXContainerItemProxy;
			containerPortal = AFEA832C21F7861D00444C06 /* Project object */;
			proxyType = 1;
			remoteGlobalIDString = AFEA833321F7861E00444C06;
			remoteInfo = TesteFastlaneJenkins;
		};
/* End PBXContainerItemProxy section */

/* Begin PBXFileReference section */
		7A40E39374EF08C1880B2611 /* Pods-TesteFastlaneJenkins.debug.xcconfig */ = {isa = PBXFileReference; includeInIndex = 1; lastKnownFileType = text.xcconfig; name = "Pods-TesteFastlaneJenkins.debug.xcconfig"; path = "Pods/Target Support Files/Pods-TesteFastlaneJenkins/Pods-TesteFastlaneJenkins.debug.xcconfig"; sourceTree = "<group>"; };
		88CBAB79AA858D557498DD0E /* Pods-TesteFastlaneJenkins.release.xcconfig */ = {isa = PBXFileReference; includeInIndex = 1; lastKnownFileType = text.xcconfig; name = "Pods-TesteFastlaneJenkins.release.xcconfig"; path = "Pods/Target Support Files/Pods-TesteFastlaneJenkins/Pods-TesteFastlaneJenkins.release.xcconfig"; sourceTree = "<group>"; };
		9447BE40DDD48BDB679D27A7 /* Pods_TesteFastlaneJenkins.framework */ = {isa = PBXFileReference; explicitFileType = wrapper.framework; includeInIndex = 0; path = Pods_TesteFastlaneJenkins.framework; sourceTree = BUILT_PRODUCTS_DIR; };
		9F172AD3E99B3A324C73BA14 /* Pods-TesteFastlaneJenkinsTests.debug.xcconfig */ = {isa = PBXFileReference; includeInIndex = 1; lastKnownFileType = text.xcconfig; name = "Pods-TesteFastlaneJenkinsTests.debug.xcconfig"; path = "Pods/Target Support Files/Pods-TesteFastlaneJenkinsTests/Pods-TesteFastlaneJenkinsTests.debug.xcconfig"; sourceTree = "<group>"; };
		AF39C6C921FF86EB007AD58F /* Pods_TesteFastlaneJenkinsTests.framework */ = {isa = PBXFileReference; explicitFileType = wrapper.framework; path = Pods_TesteFastlaneJenkinsTests.framework; sourceTree = BUILT_PRODUCTS_DIR; };
		AF39C6CB21FF8703007AD58F /* Pods_TesteFastlaneJenkins.framework */ = {isa = PBXFileReference; explicitFileType = wrapper.framework; path = Pods_TesteFastlaneJenkins.framework; sourceTree = BUILT_PRODUCTS_DIR; };
		AF39C6CD21FF8703007AD58F /* Pods_TesteFastlaneJenkinsUITests.framework */ = {isa = PBXFileReference; explicitFileType = wrapper.framework; path = Pods_TesteFastlaneJenkinsUITests.framework; sourceTree = BUILT_PRODUCTS_DIR; };
		AF39C6CF21FF8749007AD58F /* Pods_TesteFastlaneJenkinsTests.framework */ = {isa = PBXFileReference; explicitFileType = wrapper.framework; path = Pods_TesteFastlaneJenkinsTests.framework; sourceTree = BUILT_PRODUCTS_DIR; };
		AF39C6D121FF8749007AD58F /* Pods_TesteFastlaneJenkinsUITests.framework */ = {isa = PBXFileReference; explicitFileType = wrapper.framework; path = Pods_TesteFastlaneJenkinsUITests.framework; sourceTree = BUILT_PRODUCTS_DIR; };
		AFEA833421F7861E00444C06 /* TesteFastlaneJenkins.app */ = {isa = PBXFileReference; explicitFileType = wrapper.application; includeInIndex = 0; path = TesteFastlaneJenkins.app; sourceTree = BUILT_PRODUCTS_DIR; };
		AFEA833721F7861E00444C06 /* AppDelegate.swift */ = {isa = PBXFileReference; lastKnownFileType = sourcecode.swift; path = AppDelegate.swift; sourceTree = "<group>"; };
		AFEA833921F7861E00444C06 /* MoviesTableViewController.swift */ = {isa = PBXFileReference; lastKnownFileType = sourcecode.swift; path = MoviesTableViewController.swift; sourceTree = "<group>"; };
		AFEA833C21F7861E00444C06 /* Base */ = {isa = PBXFileReference; lastKnownFileType = file.storyboard; name = Base; path = Base.lproj/Main.storyboard; sourceTree = "<group>"; };
		AFEA833E21F7862200444C06 /* Assets.xcassets */ = {isa = PBXFileReference; lastKnownFileType = folder.assetcatalog; path = Assets.xcassets; sourceTree = "<group>"; };
		AFEA834121F7862200444C06 /* Base */ = {isa = PBXFileReference; lastKnownFileType = file.storyboard; name = Base; path = Base.lproj/LaunchScreen.storyboard; sourceTree = "<group>"; };
		AFEA834321F7862200444C06 /* Info.plist */ = {isa = PBXFileReference; lastKnownFileType = text.plist.xml; path = Info.plist; sourceTree = "<group>"; };
		AFEA834821F7862200444C06 /* TesteFastlaneJenkinsTests.xctest */ = {isa = PBXFileReference; explicitFileType = wrapper.cfbundle; includeInIndex = 0; path = TesteFastlaneJenkinsTests.xctest; sourceTree = BUILT_PRODUCTS_DIR; };
		AFEA834C21F7862200444C06 /* TesteFastlaneJenkinsTests.swift */ = {isa = PBXFileReference; lastKnownFileType = sourcecode.swift; path = TesteFastlaneJenkinsTests.swift; sourceTree = "<group>"; };
		AFEA834E21F7862200444C06 /* Info.plist */ = {isa = PBXFileReference; lastKnownFileType = text.plist.xml; path = Info.plist; sourceTree = "<group>"; };
		AFEA835321F7862200444C06 /* TesteFastlaneJenkinsUITests.xctest */ = {isa = PBXFileReference; explicitFileType = wrapper.cfbundle; includeInIndex = 0; path = TesteFastlaneJenkinsUITests.xctest; sourceTree = BUILT_PRODUCTS_DIR; };
		AFEA835721F7862200444C06 /* TesteFastlaneJenkinsUITests.swift */ = {isa = PBXFileReference; lastKnownFileType = sourcecode.swift; path = TesteFastlaneJenkinsUITests.swift; sourceTree = "<group>"; };
		AFEA835921F7862200444C06 /* Info.plist */ = {isa = PBXFileReference; lastKnownFileType = text.plist.xml; path = Info.plist; sourceTree = "<group>"; };
		B113941A851057511039FE02 /* Pods-TesteFastlaneJenkinsUITests.debug.xcconfig */ = {isa = PBXFileReference; includeInIndex = 1; lastKnownFileType = text.xcconfig; name = "Pods-TesteFastlaneJenkinsUITests.debug.xcconfig"; path = "Pods/Target Support Files/Pods-TesteFastlaneJenkinsUITests/Pods-TesteFastlaneJenkinsUITests.debug.xcconfig"; sourceTree = "<group>"; };
		B85772F26CEF0BC650FF2EB0 /* Pods_TesteFastlaneJenkinsTests.framework */ = {isa = PBXFileReference; explicitFileType = wrapper.framework; includeInIndex = 0; path = Pods_TesteFastlaneJenkinsTests.framework; sourceTree = BUILT_PRODUCTS_DIR; };
		D2736C8CB0C1F1F82F201830 /* Pods-TesteFastlaneJenkinsTests.release.xcconfig */ = {isa = PBXFileReference; includeInIndex = 1; lastKnownFileType = text.xcconfig; name = "Pods-TesteFastlaneJenkinsTests.release.xcconfig"; path = "Pods/Target Support Files/Pods-TesteFastlaneJenkinsTests/Pods-TesteFastlaneJenkinsTests.release.xcconfig"; sourceTree = "<group>"; };
		DF9F913C850642BC3CA87C3D /* Pods-TesteFastlaneJenkinsUITests.release.xcconfig */ = {isa = PBXFileReference; includeInIndex = 1; lastKnownFileType = text.xcconfig; name = "Pods-TesteFastlaneJenkinsUITests.release.xcconfig"; path = "Pods/Target Support Files/Pods-TesteFastlaneJenkinsUITests/Pods-TesteFastlaneJenkinsUITests.release.xcconfig"; sourceTree = "<group>"; };
		E34A2EBC0C356DE3FD7627EB /* Pods_TesteFastlaneJenkinsUITests.framework */ = {isa = PBXFileReference; explicitFileType = wrapper.framework; includeInIndex = 0; path = Pods_TesteFastlaneJenkinsUITests.framework; sourceTree = BUILT_PRODUCTS_DIR; };
/* End PBXFileReference section */

/* Begin PBXFrameworksBuildPhase section */
		AFEA833121F7861E00444C06 /* Frameworks */ = {
			isa = PBXFrameworksBuildPhase;
			buildActionMask = 2147483647;
			files = (
				07740741BBD206344DECFB3A /* Pods_TesteFastlaneJenkins.framework in Frameworks */,
			);
			runOnlyForDeploymentPostprocessing = 0;
		};
		AFEA834521F7862200444C06 /* Frameworks */ = {
			isa = PBXFrameworksBuildPhase;
			buildActionMask = 2147483647;
			files = (
				40B38632244A276A5792111F /* Pods_TesteFastlaneJenkinsTests.framework in Frameworks */,
				4BACAD5599ADFF1655679F3A /* Pods_TesteFastlaneJenkinsTests.framework in Frameworks */,
				10F0FC2FA4E0266D587255BE /* Pods_TesteFastlaneJenkinsTests.framework in Frameworks */,
			);
			runOnlyForDeploymentPostprocessing = 0;
		};
		AFEA835021F7862200444C06 /* Frameworks */ = {
			isa = PBXFrameworksBuildPhase;
			buildActionMask = 2147483647;
			files = (
				83FF461FB77A762E02C73C45 /* Pods_TesteFastlaneJenkinsUITests.framework in Frameworks */,
				5B5CA0C147607DFC59E63F0D /* Pods_TesteFastlaneJenkinsUITests.framework in Frameworks */,
				F585168286722D981EE00C50 /* Pods_TesteFastlaneJenkinsUITests.framework in Frameworks */,
			);
			runOnlyForDeploymentPostprocessing = 0;
		};
/* End PBXFrameworksBuildPhase section */

/* Begin PBXGroup section */
		5144780525A3023856E115DD /* Frameworks */ = {
			isa = PBXGroup;
			children = (
				AF39C6CF21FF8749007AD58F /* Pods_TesteFastlaneJenkinsTests.framework */,
				AF39C6D121FF8749007AD58F /* Pods_TesteFastlaneJenkinsUITests.framework */,
				AF39C6CB21FF8703007AD58F /* Pods_TesteFastlaneJenkins.framework */,
				AF39C6CD21FF8703007AD58F /* Pods_TesteFastlaneJenkinsUITests.framework */,
				AF39C6C921FF86EB007AD58F /* Pods_TesteFastlaneJenkinsTests.framework */,
				9447BE40DDD48BDB679D27A7 /* Pods_TesteFastlaneJenkins.framework */,
				B85772F26CEF0BC650FF2EB0 /* Pods_TesteFastlaneJenkinsTests.framework */,
				E34A2EBC0C356DE3FD7627EB /* Pods_TesteFastlaneJenkinsUITests.framework */,
			);
			name = Frameworks;
			sourceTree = "<group>";
		};
		AFEA832B21F7861D00444C06 = {
			isa = PBXGroup;
			children = (
				AFEA833621F7861E00444C06 /* TesteFastlaneJenkins */,
				AFEA834B21F7862200444C06 /* TesteFastlaneJenkinsTests */,
				AFEA835621F7862200444C06 /* TesteFastlaneJenkinsUITests */,
				AFEA833521F7861E00444C06 /* Products */,
				C9C2A50ADF71653E3324C4FD /* Pods */,
				5144780525A3023856E115DD /* Frameworks */,
			);
			sourceTree = "<group>";
		};
		AFEA833521F7861E00444C06 /* Products */ = {
			isa = PBXGroup;
			children = (
				AFEA833421F7861E00444C06 /* TesteFastlaneJenkins.app */,
				AFEA834821F7862200444C06 /* TesteFastlaneJenkinsTests.xctest */,
				AFEA835321F7862200444C06 /* TesteFastlaneJenkinsUITests.xctest */,
			);
			name = Products;
			sourceTree = "<group>";
		};
		AFEA833621F7861E00444C06 /* TesteFastlaneJenkins */ = {
			isa = PBXGroup;
			children = (
				AFEA833721F7861E00444C06 /* AppDelegate.swift */,
				AFEA833921F7861E00444C06 /* MoviesTableViewController.swift */,
				AFEA833B21F7861E00444C06 /* Main.storyboard */,
				AFEA833E21F7862200444C06 /* Assets.xcassets */,
				AFEA834021F7862200444C06 /* LaunchScreen.storyboard */,
				AFEA834321F7862200444C06 /* Info.plist */,
			);
			path = TesteFastlaneJenkins;
			sourceTree = "<group>";
		};
		AFEA834B21F7862200444C06 /* TesteFastlaneJenkinsTests */ = {
			isa = PBXGroup;
			children = (
				AFEA834C21F7862200444C06 /* TesteFastlaneJenkinsTests.swift */,
				AFEA834E21F7862200444C06 /* Info.plist */,
			);
			path = TesteFastlaneJenkinsTests;
			sourceTree = "<group>";
		};
		AFEA835621F7862200444C06 /* TesteFastlaneJenkinsUITests */ = {
			isa = PBXGroup;
			children = (
				AFEA835721F7862200444C06 /* TesteFastlaneJenkinsUITests.swift */,
				AFEA835921F7862200444C06 /* Info.plist */,
			);
			path = TesteFastlaneJenkinsUITests;
			sourceTree = "<group>";
		};
		C9C2A50ADF71653E3324C4FD /* Pods */ = {
			isa = PBXGroup;
			children = (
				7A40E39374EF08C1880B2611 /* Pods-TesteFastlaneJenkins.debug.xcconfig */,
				88CBAB79AA858D557498DD0E /* Pods-TesteFastlaneJenkins.release.xcconfig */,
				9F172AD3E99B3A324C73BA14 /* Pods-TesteFastlaneJenkinsTests.debug.xcconfig */,
				D2736C8CB0C1F1F82F201830 /* Pods-TesteFastlaneJenkinsTests.release.xcconfig */,
				B113941A851057511039FE02 /* Pods-TesteFastlaneJenkinsUITests.debug.xcconfig */,
				DF9F913C850642BC3CA87C3D /* Pods-TesteFastlaneJenkinsUITests.release.xcconfig */,
			);
			name = Pods;
			sourceTree = "<group>";
		};
/* End PBXGroup section */

/* Begin PBXNativeTarget section */
		AFEA833321F7861E00444C06 /* TesteFastlaneJenkins */ = {
			isa = PBXNativeTarget;
			buildConfigurationList = AFEA835C21F7862200444C06 /* Build configuration list for PBXNativeTarget "TesteFastlaneJenkins" */;
			buildPhases = (
				13C2BA9A79F5D86089009F8B /* [CP] Check Pods Manifest.lock */,
				AFEA833021F7861E00444C06 /* Sources */,
				AFEA833121F7861E00444C06 /* Frameworks */,
				AFEA833221F7861E00444C06 /* Resources */,
			);
			buildRules = (
			);
			dependencies = (
			);
			name = TesteFastlaneJenkins;
			productName = TesteFastlaneJenkins;
			productReference = AFEA833421F7861E00444C06 /* TesteFastlaneJenkins.app */;
			productType = "com.apple.product-type.application";
		};
		AFEA834721F7862200444C06 /* TesteFastlaneJenkinsTests */ = {
			isa = PBXNativeTarget;
			buildConfigurationList = AFEA835F21F7862200444C06 /* Build configuration list for PBXNativeTarget "TesteFastlaneJenkinsTests" */;
			buildPhases = (
				05C7DD9D1AAFB7C70FA5AD6A /* [CP] Check Pods Manifest.lock */,
				AFEA834421F7862200444C06 /* Sources */,
				AFEA834521F7862200444C06 /* Frameworks */,
				AFEA834621F7862200444C06 /* Resources */,
			);
			buildRules = (
			);
			dependencies = (
				AFEA834A21F7862200444C06 /* PBXTargetDependency */,
			);
			name = TesteFastlaneJenkinsTests;
			productName = TesteFastlaneJenkinsTests;
			productReference = AFEA834821F7862200444C06 /* TesteFastlaneJenkinsTests.xctest */;
			productType = "com.apple.product-type.bundle.unit-test";
		};
		AFEA835221F7862200444C06 /* TesteFastlaneJenkinsUITests */ = {
			isa = PBXNativeTarget;
			buildConfigurationList = AFEA836221F7862200444C06 /* Build configuration list for PBXNativeTarget "TesteFastlaneJenkinsUITests" */;
			buildPhases = (
				E1568EEA947A4651E11913E8 /* [CP] Check Pods Manifest.lock */,
				AFEA834F21F7862200444C06 /* Sources */,
				AFEA835021F7862200444C06 /* Frameworks */,
				AFEA835121F7862200444C06 /* Resources */,
			);
			buildRules = (
			);
			dependencies = (
				AFEA835521F7862200444C06 /* PBXTargetDependency */,
			);
			name = TesteFastlaneJenkinsUITests;
			productName = TesteFastlaneJenkinsUITests;
			productReference = AFEA835321F7862200444C06 /* TesteFastlaneJenkinsUITests.xctest */;
			productType = "com.apple.product-type.bundle.ui-testing";
		};
/* End PBXNativeTarget section */

/* Begin PBXProject section */
		AFEA832C21F7861D00444C06 /* Project object */ = {
			isa = PBXProject;
			attributes = {
				LastSwiftUpdateCheck = 1010;
				LastUpgradeCheck = 1010;
				ORGANIZATIONNAME = ValeCard;
				TargetAttributes = {
					AFEA833321F7861E00444C06 = {
						CreatedOnToolsVersion = 10.1;
					};
					AFEA834721F7862200444C06 = {
						CreatedOnToolsVersion = 10.1;
						TestTargetID = AFEA833321F7861E00444C06;
					};
					AFEA835221F7862200444C06 = {
						CreatedOnToolsVersion = 10.1;
						TestTargetID = AFEA833321F7861E00444C06;
					};
				};
			};
			buildConfigurationList = AFEA832F21F7861D00444C06 /* Build configuration list for PBXProject "TesteFastlaneJenkins" */;
			compatibilityVersion = "Xcode 9.3";
			developmentRegion = en;
			hasScannedForEncodings = 0;
			knownRegions = (
				en,
				Base,
			);
			mainGroup = AFEA832B21F7861D00444C06;
			productRefGroup = AFEA833521F7861E00444C06 /* Products */;
			projectDirPath = "";
			projectRoot = "";
			targets = (
				AFEA833321F7861E00444C06 /* TesteFastlaneJenkins */,
				AFEA834721F7862200444C06 /* TesteFastlaneJenkinsTests */,
				AFEA835221F7862200444C06 /* TesteFastlaneJenkinsUITests */,
			);
		};
/* End PBXProject section */

/* Begin PBXResourcesBuildPhase section */
		AFEA833221F7861E00444C06 /* Resources */ = {
			isa = PBXResourcesBuildPhase;
			buildActionMask = 2147483647;
			files = (
				AFEA834221F7862200444C06 /* LaunchScreen.storyboard in Resources */,
				AFEA833F21F7862200444C06 /* Assets.xcassets in Resources */,
				AFEA833D21F7861E00444C06 /* Main.storyboard in Resources */,
			);
			runOnlyForDeploymentPostprocessing = 0;
		};
		AFEA834621F7862200444C06 /* Resources */ = {
			isa = PBXResourcesBuildPhase;
			buildActionMask = 2147483647;
			files = (
			);
			runOnlyForDeploymentPostprocessing = 0;
		};
		AFEA835121F7862200444C06 /* Resources */ = {
			isa = PBXResourcesBuildPhase;
			buildActionMask = 2147483647;
			files = (
			);
			runOnlyForDeploymentPostprocessing = 0;
		};
/* End PBXResourcesBuildPhase section */

/* Begin PBXShellScriptBuildPhase section */
		05C7DD9D1AAFB7C70FA5AD6A /* [CP] Check Pods Manifest.lock */ = {
			isa = PBXShellScriptBuildPhase;
			buildActionMask = 2147483647;
			files = (
			);
			inputFileListPaths = (
			);
			inputPaths = (
				"${PODS_PODFILE_DIR_PATH}/Podfile.lock",
				"${PODS_ROOT}/Manifest.lock",
			);
			name = "[CP] Check Pods Manifest.lock";
			outputFileListPaths = (
			);
			outputPaths = (
				"$(DERIVED_FILE_DIR)/Pods-TesteFastlaneJenkinsTests-checkManifestLockResult.txt",
			);
			runOnlyForDeploymentPostprocessing = 0;
			shellPath = /bin/sh;
			shellScript = "diff \"${PODS_PODFILE_DIR_PATH}/Podfile.lock\" \"${PODS_ROOT}/Manifest.lock\" > /dev/null\nif [ $? != 0 ] ; then\n    # print error to STDERR\n    echo \"error: The sandbox is not in sync with the Podfile.lock. Run 'pod install' or update your CocoaPods installation.\" >&2\n    exit 1\nfi\n# This output is used by Xcode 'outputs' to avoid re-running this script phase.\necho \"SUCCESS\" > \"${SCRIPT_OUTPUT_FILE_0}\"\n";
			showEnvVarsInLog = 0;
		};
		13C2BA9A79F5D86089009F8B /* [CP] Check Pods Manifest.lock */ = {
			isa = PBXShellScriptBuildPhase;
			buildActionMask = 2147483647;
			files = (
			);
			inputFileListPaths = (
			);
			inputPaths = (
				"${PODS_PODFILE_DIR_PATH}/Podfile.lock",
				"${PODS_ROOT}/Manifest.lock",
			);
			name = "[CP] Check Pods Manifest.lock";
			outputFileListPaths = (
			);
			outputPaths = (
				"$(DERIVED_FILE_DIR)/Pods-TesteFastlaneJenkins-checkManifestLockResult.txt",
			);
			runOnlyForDeploymentPostprocessing = 0;
			shellPath = /bin/sh;
			shellScript = "diff \"${PODS_PODFILE_DIR_PATH}/Podfile.lock\" \"${PODS_ROOT}/Manifest.lock\" > /dev/null\nif [ $? != 0 ] ; then\n    # print error to STDERR\n    echo \"error: The sandbox is not in sync with the Podfile.lock. Run 'pod install' or update your CocoaPods installation.\" >&2\n    exit 1\nfi\n# This output is used by Xcode 'outputs' to avoid re-running this script phase.\necho \"SUCCESS\" > \"${SCRIPT_OUTPUT_FILE_0}\"\n";
			showEnvVarsInLog = 0;
		};
		E1568EEA947A4651E11913E8 /* [CP] Check Pods Manifest.lock */ = {
			isa = PBXShellScriptBuildPhase;
			buildActionMask = 2147483647;
			files = (
			);
			inputFileListPaths = (
			);
			inputPaths = (
				"${PODS_PODFILE_DIR_PATH}/Podfile.lock",
				"${PODS_ROOT}/Manifest.lock",
			);
			name = "[CP] Check Pods Manifest.lock";
			outputFileListPaths = (
			);
			outputPaths = (
				"$(DERIVED_FILE_DIR)/Pods-TesteFastlaneJenkinsUITests-checkManifestLockResult.txt",
			);
			runOnlyForDeploymentPostprocessing = 0;
			shellPath = /bin/sh;
			shellScript = "diff \"${PODS_PODFILE_DIR_PATH}/Podfile.lock\" \"${PODS_ROOT}/Manifest.lock\" > /dev/null\nif [ $? != 0 ] ; then\n    # print error to STDERR\n    echo \"error: The sandbox is not in sync with the Podfile.lock. Run 'pod install' or update your CocoaPods installation.\" >&2\n    exit 1\nfi\n# This output is used by Xcode 'outputs' to avoid re-running this script phase.\necho \"SUCCESS\" > \"${SCRIPT_OUTPUT_FILE_0}\"\n";
			showEnvVarsInLog = 0;
		};
/* End PBXShellScriptBuildPhase section */

/* Begin PBXSourcesBuildPhase section */
		AFEA833021F7861E00444C06 /* Sources */ = {
			isa = PBXSourcesBuildPhase;
			buildActionMask = 2147483647;
			files = (
				AFEA833A21F7861E00444C06 /* MoviesTableViewController.swift in Sources */,
				AFEA833821F7861E00444C06 /* AppDelegate.swift in Sources */,
			);
			runOnlyForDeploymentPostprocessing = 0;
		};
		AFEA834421F7862200444C06 /* Sources */ = {
			isa = PBXSourcesBuildPhase;
			buildActionMask = 2147483647;
			files = (
				AFEA834D21F7862200444C06 /* TesteFastlaneJenkinsTests.swift in Sources */,
			);
			runOnlyForDeploymentPostprocessing = 0;
		};
		AFEA834F21F7862200444C06 /* Sources */ = {
			isa = PBXSourcesBuildPhase;
			buildActionMask = 2147483647;
			files = (
				AFEA835821F7862200444C06 /* TesteFastlaneJenkinsUITests.swift in Sources */,
			);
			runOnlyForDeploymentPostprocessing = 0;
		};
/* End PBXSourcesBuildPhase section */

/* Begin PBXTargetDependency section */
		AFEA834A21F7862200444C06 /* PBXTargetDependency */ = {
			isa = PBXTargetDependency;
			target = AFEA833321F7861E00444C06 /* TesteFastlaneJenkins */;
			targetProxy = AFEA834921F7862200444C06 /* PBXContainerItemProxy */;
		};
		AFEA835521F7862200444C06 /* PBXTargetDependency */ = {
			isa = PBXTargetDependency;
			target = AFEA833321F7861E00444C06 /* TesteFastlaneJenkins */;
			targetProxy = AFEA835421F7862200444C06 /* PBXContainerItemProxy */;
		};
/* End PBXTargetDependency section */

/* Begin PBXVariantGroup section */
		AFEA833B21F7861E00444C06 /* Main.storyboard */ = {
			isa = PBXVariantGroup;
			children = (
				AFEA833C21F7861E00444C06 /* Base */,
			);
			name = Main.storyboard;
			sourceTree = "<group>";
		};
		AFEA834021F7862200444C06 /* LaunchScreen.storyboard */ = {
			isa = PBXVariantGroup;
			children = (
				AFEA834121F7862200444C06 /* Base */,
			);
			name = LaunchScreen.storyboard;
			sourceTree = "<group>";
		};
/* End PBXVariantGroup section */

/* Begin XCBuildConfiguration section */
		AFEA835A21F7862200444C06 /* Debug */ = {
			isa = XCBuildConfiguration;
			buildSettings = {
				ALWAYS_SEARCH_USER_PATHS = NO;
				CLANG_ANALYZER_NONNULL = YES;
				CLANG_ANALYZER_NUMBER_OBJECT_CONVERSION = YES_AGGRESSIVE;
				CLANG_CXX_LANGUAGE_STANDARD = "gnu++14";
				CLANG_CXX_LIBRARY = "libc++";
				CLANG_ENABLE_MODULES = YES;
				CLANG_ENABLE_OBJC_ARC = YES;
				CLANG_ENABLE_OBJC_WEAK = YES;
				CLANG_WARN_BLOCK_CAPTURE_AUTORELEASING = YES;
				CLANG_WARN_BOOL_CONVERSION = YES;
				CLANG_WARN_COMMA = YES;
				CLANG_WARN_CONSTANT_CONVERSION = YES;
				CLANG_WARN_DEPRECATED_OBJC_IMPLEMENTATIONS = YES;
				CLANG_WARN_DIRECT_OBJC_ISA_USAGE = YES_ERROR;
				CLANG_WARN_DOCUMENTATION_COMMENTS = YES;
				CLANG_WARN_EMPTY_BODY = YES;
				CLANG_WARN_ENUM_CONVERSION = YES;
				CLANG_WARN_INFINITE_RECURSION = YES;
				CLANG_WARN_INT_CONVERSION = YES;
				CLANG_WARN_NON_LITERAL_NULL_CONVERSION = YES;
				CLANG_WARN_OBJC_IMPLICIT_RETAIN_SELF = YES;
				CLANG_WARN_OBJC_LITERAL_CONVERSION = YES;
				CLANG_WARN_OBJC_ROOT_CLASS = YES_ERROR;
				CLANG_WARN_RANGE_LOOP_ANALYSIS = YES;
				CLANG_WARN_STRICT_PROTOTYPES = YES;
				CLANG_WARN_SUSPICIOUS_MOVE = YES;
				CLANG_WARN_UNGUARDED_AVAILABILITY = YES_AGGRESSIVE;
				CLANG_WARN_UNREACHABLE_CODE = YES;
				CLANG_WARN__DUPLICATE_METHOD_MATCH = YES;
				CODE_SIGN_IDENTITY = "iPhone Developer";
				COPY_PHASE_STRIP = NO;
				DEBUG_INFORMATION_FORMAT = dwarf;
				ENABLE_STRICT_OBJC_MSGSEND = YES;
				ENABLE_TESTABILITY = YES;
				GCC_C_LANGUAGE_STANDARD = gnu11;
				GCC_DYNAMIC_NO_PIC = NO;
				GCC_NO_COMMON_BLOCKS = YES;
				GCC_OPTIMIZATION_LEVEL = 0;
				GCC_PREPROCESSOR_DEFINITIONS = (
					"DEBUG=1",
					"$(inherited)",
				);
				GCC_WARN_64_TO_32_BIT_CONVERSION = YES;
				GCC_WARN_ABOUT_RETURN_TYPE = YES_ERROR;
				GCC_WARN_UNDECLARED_SELECTOR = YES;
				GCC_WARN_UNINITIALIZED_AUTOS = YES_AGGRESSIVE;
				GCC_WARN_UNUSED_FUNCTION = YES;
				GCC_WARN_UNUSED_VARIABLE = YES;
				IPHONEOS_DEPLOYMENT_TARGET = 12.1;
				MTL_ENABLE_DEBUG_INFO = INCLUDE_SOURCE;
				MTL_FAST_MATH = YES;
				ONLY_ACTIVE_ARCH = YES;
				SDKROOT = iphoneos;
				SWIFT_ACTIVE_COMPILATION_CONDITIONS = DEBUG;
				SWIFT_OPTIMIZATION_LEVEL = "-Onone";
			};
			name = Debug;
		};
		AFEA835B21F7862200444C06 /* Release */ = {
			isa = XCBuildConfiguration;
			buildSettings = {
				ALWAYS_SEARCH_USER_PATHS = NO;
				CLANG_ANALYZER_NONNULL = YES;
				CLANG_ANALYZER_NUMBER_OBJECT_CONVERSION = YES_AGGRESSIVE;
				CLANG_CXX_LANGUAGE_STANDARD = "gnu++14";
				CLANG_CXX_LIBRARY = "libc++";
				CLANG_ENABLE_MODULES = YES;
				CLANG_ENABLE_OBJC_ARC = YES;
				CLANG_ENABLE_OBJC_WEAK = YES;
				CLANG_WARN_BLOCK_CAPTURE_AUTORELEASING = YES;
				CLANG_WARN_BOOL_CONVERSION = YES;
				CLANG_WARN_COMMA = YES;
				CLANG_WARN_CONSTANT_CONVERSION = YES;
				CLANG_WARN_DEPRECATED_OBJC_IMPLEMENTATIONS = YES;
				CLANG_WARN_DIRECT_OBJC_ISA_USAGE = YES_ERROR;
				CLANG_WARN_DOCUMENTATION_COMMENTS = YES;
				CLANG_WARN_EMPTY_BODY = YES;
				CLANG_WARN_ENUM_CONVERSION = YES;
				CLANG_WARN_INFINITE_RECURSION = YES;
				CLANG_WARN_INT_CONVERSION = YES;
				CLANG_WARN_NON_LITERAL_NULL_CONVERSION = YES;
				CLANG_WARN_OBJC_IMPLICIT_RETAIN_SELF = YES;
				CLANG_WARN_OBJC_LITERAL_CONVERSION = YES;
				CLANG_WARN_OBJC_ROOT_CLASS = YES_ERROR;
				CLANG_WARN_RANGE_LOOP_ANALYSIS = YES;
				CLANG_WARN_STRICT_PROTOTYPES = YES;
				CLANG_WARN_SUSPICIOUS_MOVE = YES;
				CLANG_WARN_UNGUARDED_AVAILABILITY = YES_AGGRESSIVE;
				CLANG_WARN_UNREACHABLE_CODE = YES;
				CLANG_WARN__DUPLICATE_METHOD_MATCH = YES;
				CODE_SIGN_IDENTITY = "iPhone Developer";
				COPY_PHASE_STRIP = NO;
				DEBUG_INFORMATION_FORMAT = "dwarf-with-dsym";
				ENABLE_NS_ASSERTIONS = NO;
				ENABLE_STRICT_OBJC_MSGSEND = YES;
				GCC_C_LANGUAGE_STANDARD = gnu11;
				GCC_NO_COMMON_BLOCKS = YES;
				GCC_WARN_64_TO_32_BIT_CONVERSION = YES;
				GCC_WARN_ABOUT_RETURN_TYPE = YES_ERROR;
				GCC_WARN_UNDECLARED_SELECTOR = YES;
				GCC_WARN_UNINITIALIZED_AUTOS = YES_AGGRESSIVE;
				GCC_WARN_UNUSED_FUNCTION = YES;
				GCC_WARN_UNUSED_VARIABLE = YES;
				IPHONEOS_DEPLOYMENT_TARGET = 12.1;
				MTL_ENABLE_DEBUG_INFO = NO;
				MTL_FAST_MATH = YES;
				SDKROOT = iphoneos;
				SWIFT_COMPILATION_MODE = wholemodule;
				SWIFT_OPTIMIZATION_LEVEL = "-O";
				VALIDATE_PRODUCT = YES;
			};
			name = Release;
		};
		AFEA835D21F7862200444C06 /* Debug */ = {
			isa = XCBuildConfiguration;
			baseConfigurationReference = 7A40E39374EF08C1880B2611 /* Pods-TesteFastlaneJenkins.debug.xcconfig */;
			buildSettings = {
				ASSETCATALOG_COMPILER_APPICON_NAME = AppIcon;
				CODE_SIGN_STYLE = Automatic;
				DEVELOPMENT_TEAM = T2GY9NVJ8A;
				ENABLE_BITCODE = NO;
				INFOPLIST_FILE = TesteFastlaneJenkins/Info.plist;
				LD_RUNPATH_SEARCH_PATHS = (
					"$(inherited)",
					"@executable_path/Frameworks",
				);
				PRODUCT_BUNDLE_IDENTIFIER = br.com.valecard.TesteFastlaneJenkins;
				PRODUCT_NAME = "$(TARGET_NAME)";
				SWIFT_VERSION = 4.2;
				TARGETED_DEVICE_FAMILY = "1,2";
			};
			name = Debug;
		};
		AFEA835E21F7862200444C06 /* Release */ = {
			isa = XCBuildConfiguration;
			baseConfigurationReference = 88CBAB79AA858D557498DD0E /* Pods-TesteFastlaneJenkins.release.xcconfig */;
			buildSettings = {
				ASSETCATALOG_COMPILER_APPICON_NAME = AppIcon;
				CODE_SIGN_STYLE = Automatic;
				DEVELOPMENT_TEAM = T2GY9NVJ8A;
				ENABLE_BITCODE = NO;
				INFOPLIST_FILE = TesteFastlaneJenkins/Info.plist;
				LD_RUNPATH_SEARCH_PATHS = (
					"$(inherited)",
					"@executable_path/Frameworks",
				);
				PRODUCT_BUNDLE_IDENTIFIER = br.com.valecard.TesteFastlaneJenkins;
				PRODUCT_NAME = "$(TARGET_NAME)";
				SWIFT_VERSION = 4.2;
				TARGETED_DEVICE_FAMILY = "1,2";
			};
			name = Release;
		};
		AFEA836021F7862200444C06 /* Debug */ = {
			isa = XCBuildConfiguration;
			baseConfigurationReference = 9F172AD3E99B3A324C73BA14 /* Pods-TesteFastlaneJenkinsTests.debug.xcconfig */;
			buildSettings = {
				ALWAYS_EMBED_SWIFT_STANDARD_LIBRARIES = YES;
				BUNDLE_LOADER = "$(TEST_HOST)";
				CODE_SIGN_STYLE = Automatic;
				DEVELOPMENT_TEAM = T2GY9NVJ8A;
				INFOPLIST_FILE = TesteFastlaneJenkinsTests/Info.plist;
				LD_RUNPATH_SEARCH_PATHS = (
					"$(inherited)",
					"@executable_path/Frameworks",
					"@loader_path/Frameworks",
				);
				PRODUCT_BUNDLE_IDENTIFIER = br.com.valecard.TesteFastlaneJenkinsTests;
				PRODUCT_NAME = "$(TARGET_NAME)";
				SWIFT_VERSION = 4.2;
				TARGETED_DEVICE_FAMILY = "1,2";
				TEST_HOST = "$(BUILT_PRODUCTS_DIR)/TesteFastlaneJenkins.app/TesteFastlaneJenkins";
			};
			name = Debug;
		};
		AFEA836121F7862200444C06 /* Release */ = {
			isa = XCBuildConfiguration;
			baseConfigurationReference = D2736C8CB0C1F1F82F201830 /* Pods-TesteFastlaneJenkinsTests.release.xcconfig */;
			buildSettings = {
				ALWAYS_EMBED_SWIFT_STANDARD_LIBRARIES = YES;
				BUNDLE_LOADER = "$(TEST_HOST)";
				CODE_SIGN_STYLE = Automatic;
				DEVELOPMENT_TEAM = T2GY9NVJ8A;
				INFOPLIST_FILE = TesteFastlaneJenkinsTests/Info.plist;
				LD_RUNPATH_SEARCH_PATHS = (
					"$(inherited)",
					"@executable_path/Frameworks",
					"@loader_path/Frameworks",
				);
				PRODUCT_BUNDLE_IDENTIFIER = br.com.valecard.TesteFastlaneJenkinsTests;
				PRODUCT_NAME = "$(TARGET_NAME)";
				SWIFT_VERSION = 4.2;
				TARGETED_DEVICE_FAMILY = "1,2";
				TEST_HOST = "$(BUILT_PRODUCTS_DIR)/TesteFastlaneJenkins.app/TesteFastlaneJenkins";
			};
			name = Release;
		};
		AFEA836321F7862200444C06 /* Debug */ = {
			isa = XCBuildConfiguration;
			baseConfigurationReference = B113941A851057511039FE02 /* Pods-TesteFastlaneJenkinsUITests.debug.xcconfig */;
			buildSettings = {
				ALWAYS_EMBED_SWIFT_STANDARD_LIBRARIES = YES;
				CODE_SIGN_STYLE = Automatic;
				DEVELOPMENT_TEAM = T2GY9NVJ8A;
				INFOPLIST_FILE = TesteFastlaneJenkinsUITests/Info.plist;
				LD_RUNPATH_SEARCH_PATHS = (
					"$(inherited)",
					"@executable_path/Frameworks",
					"@loader_path/Frameworks",
				);
				PRODUCT_BUNDLE_IDENTIFIER = br.com.valecard.TesteFastlaneJenkinsUITests;
				PRODUCT_NAME = "$(TARGET_NAME)";
				SWIFT_VERSION = 4.2;
				TARGETED_DEVICE_FAMILY = "1,2";
				TEST_TARGET_NAME = TesteFastlaneJenkins;
			};
			name = Debug;
		};
		AFEA836421F7862200444C06 /* Release */ = {
			isa = XCBuildConfiguration;
			baseConfigurationReference = DF9F913C850642BC3CA87C3D /* Pods-TesteFastlaneJenkinsUITests.release.xcconfig */;
			buildSettings = {
				ALWAYS_EMBED_SWIFT_STANDARD_LIBRARIES = YES;
				CODE_SIGN_STYLE = Automatic;
				DEVELOPMENT_TEAM = T2GY9NVJ8A;
				INFOPLIST_FILE = TesteFastlaneJenkinsUITests/Info.plist;
				LD_RUNPATH_SEARCH_PATHS = (
					"$(inherited)",
					"@executable_path/Frameworks",
					"@loader_path/Frameworks",
				);
				PRODUCT_BUNDLE_IDENTIFIER = br.com.valecard.TesteFastlaneJenkinsUITests;
				PRODUCT_NAME = "$(TARGET_NAME)";
				SWIFT_VERSION = 4.2;
				TARGETED_DEVICE_FAMILY = "1,2";
				TEST_TARGET_NAME = TesteFastlaneJenkins;
			};
			name = Release;
		};
/* End XCBuildConfiguration section */

/* Begin XCConfigurationList section */
		AFEA832F21F7861D00444C06 /* Build configuration list for PBXProject "TesteFastlaneJenkins" */ = {
			isa = XCConfigurationList;
			buildConfigurations = (
				AFEA835A21F7862200444C06 /* Debug */,
				AFEA835B21F7862200444C06 /* Release */,
			);
			defaultConfigurationIsVisible = 0;
			defaultConfigurationName = Release;
		};
		AFEA835C21F7862200444C06 /* Build configuration list for PBXNativeTarget "TesteFastlaneJenkins" */ = {
			isa = XCConfigurationList;
			buildConfigurations = (
				AFEA835D21F7862200444C06 /* Debug */,
				AFEA835E21F7862200444C06 /* Release */,
			);
			defaultConfigurationIsVisible = 0;
			defaultConfigurationName = Release;
		};
		AFEA835F21F7862200444C06 /* Build configuration list for PBXNativeTarget "TesteFastlaneJenkinsTests" */ = {
			isa = XCConfigurationList;
			buildConfigurations = (
				AFEA836021F7862200444C06 /* Debug */,
				AFEA836121F7862200444C06 /* Release */,
			);
			defaultConfigurationIsVisible = 0;
			defaultConfigurationName = Release;
		};
		AFEA836221F7862200444C06 /* Build configuration list for PBXNativeTarget "TesteFastlaneJenkinsUITests" */ = {
			isa = XCConfigurationList;
			buildConfigurations = (
				AFEA836321F7862200444C06 /* Debug */,
				AFEA836421F7862200444C06 /* Release */,
			);
			defaultConfigurationIsVisible = 0;
			defaultConfigurationName = Release;
		};
/* End XCConfigurationList section */
	};
	rootObject = AFEA832C21F7861D00444C06 /* Project object */;
}
